
Microsoft Visual Studio Solution File, Format Version 12.00
# Visual Studio Version 16
VisualStudioVersion = 16.0.31729.503
MinimumVisualStudioVersion = 10.0.40219.1
Project("{FAE04EC0-301F-11D3-BF4B-00C04F79EFBC}") = "TechShare", "TechShare\TechShare.csproj", "{FE87DED1-A321-44C5-8566-40A845AA58CA}"
EndProject
Global
	GlobalSection(SolutionConfigurationPlatforms) = preSolution
		Debug|Any CPU = Debug|Any CPU
		Release|Any CPU = Release|Any CPU
	EndGlobalSection
	GlobalSection(ProjectConfigurationPlatforms) = postSolution
		{FE87DED1-A321-44C5-8566-40A845AA58CA}.Debug|Any CPU.ActiveCfg = Debug|Any CPU
		{FE87DED1-A321-44C5-8566-40A845AA58CA}.Debug|Any CPU.Build.0 = Debug|Any CPU
		{FE87DED1-A321-44C5-8566-40A845AA58CA}.Release|Any CPU.ActiveCfg = Release|Any CPU
		{FE87DED1-A321-44C5-8566-40A845AA58CA}.Release|Any CPU.Build.0 = Release|Any CPU
	EndGlobalSection
	GlobalSection(SolutionProperties) = preSolution
		HideSolutionNode = FALSE
	EndGlobalSection
	GlobalSection(ExtensibilityGlobals) = postSolution
		SolutionGuid = {352B9C5E-9502-4F72-91DD-AA354F3C8B00}
	EndGlobalSection
EndGlobal
